# This file is automatically @generated by Cargo.
# It is not intended for manual editing.
version = 4

[[package]]
name = "datacode_abi"
version = "1.9.0"

[[package]]
name = "datacode_sdk"
version = "1.1.4"
dependencies = [
 "datacode_abi",
 "libc",
 "paste",
]

[[package]]
name = "libc"
version = "0.2.183"
source = "registry+https://github.com/rust-lang/crates.io-index"
checksum = "b5b646652bf6661599e1da8901b3b9522896f01e736bad5f723fe7a3a27f899d"

[[package]]
name = "math_native"
version = "0.1.0"
dependencies = [
 "datacode_abi",
 "datacode_sdk",
]

[[package]]
name = "paste"
version = "1.0.15"
source = "registry+https://github.com/rust-lang/crates.io-index"
checksum = "57c0d7b74b563b49d38dae00a0c37d4d6de9b432382b2892f0574ddcae73fd0a"
